<?xml version="1.0" encoding="utf-8"?>
<Project ToolsVersion="4.0" xmlns="http://schemas.microsoft.com/developer/msbuild/2003">
  <ItemGroup>
    <Filter Include="Common">
      <UniqueIdentifier>8a1f47ea-0153-4be1-a86b-79636f7a93e0</UniqueIdentifier>
    </Filter>
    <Filter Include="Assets">
      <UniqueIdentifier>5de1ef1e-a909-4783-b783-dde468c95b30</UniqueIdentifier>
      <Extensions>ico;cur;bmp;dds;dlg;fbx;rct;bin;rgs;gif;jpg;jpeg;jpe;resx;tga;tiff;tif;png;wav;mfcribbon-ms</Extensions>
    </Filter>
  </ItemGroup>
  <ItemGroup>
    <ClInclude Include="pch.h" />
    <ClInclude Include="Game.h" />
    <ClInclude Include="StepTimer.h">
      <Filter>Common</Filter>
    </ClInclude>
    <ClInclude Include="DeviceResources.h">
      <Filter>Common</Filter>
    </ClInclude>
    <ClInclude Include="ReadData.h" />
  </ItemGroup>
  <ItemGroup>
    <ClCompile Include="pch.cpp" />
    <ClCompile Include="Game.cpp" />
    <ClCompile Include="Main.cpp" />
    <ClCompile Include="DeviceResources.cpp">
      <Filter>Common</Filter>
    </ClCompile>
  </ItemGroup>
  <ItemGroup>
    <ResourceCompile Include="resource.rc" />
  </ItemGroup>
  <ItemGroup>
    <Image Include="directx.ico">
      <Filter>Assets</Filter>
    </Image>
    <Image Include="roomtexture.dds">
      <Filter>Assets</Filter>
    </Image>
    <Image Include="(1) Planet_Mesh_BaseColor.png">
      <Filter>Assets</Filter>
    </Image>
    <Image Include="Spaceship\ShipLow_Engines_AlbedoTransparency.jpg">
      <Filter>Assets</Filter>
    </Image>
    <Image Include="Spaceship\ShipLow_Engines_AO.jpg">
      <Filter>Assets</Filter>
    </Image>
    <Image Include="Spaceship\ShipLow_Engines_MetallicSmoothness.jpg">
      <Filter>Assets</Filter>
    </Image>
    <Image Include="Spaceship\ShipLow_Engines_Normal.jpg">
      <Filter>Assets</Filter>
    </Image>
    <Image Include="Spaceship\ShipLow_Glass _ Trial_AlbedoTransparency.jpg">
      <Filter>Assets</Filter>
    </Image>
    <Image Include="Spaceship\ShipLow_Glass _ Trial_Emission.jpg">
      <Filter>Assets</Filter>
    </Image>
    <Image Include="Spaceship\ShipLow_Glass _ Trial_MetallicSmoothness.jpg">
      <Filter>Assets</Filter>
    </Image>
    <Image Include="Spaceship\ShipLow_Glass _ Trial_Normal.jpg">
      <Filter>Assets</Filter>
    </Image>
    <Image Include="Spaceship\ShipLow_Guns_AlbedoTransparency.jpg">
      <Filter>Assets</Filter>
    </Image>
    <Image Include="Spaceship\ShipLow_Guns_Emission.jpg">
      <Filter>Assets</Filter>
    </Image>
    <Image Include="Spaceship\ShipLow_Guns_MetallicSmoothness.jpg">
      <Filter>Assets</Filter>
    </Image>
    <Image Include="Spaceship\ShipLow_Guns_Normal.jpg">
      <Filter>Assets</Filter>
    </Image>
    <Image Include="Spaceship\ShipLow_Interior_AlbedoTransparency.jpg">
      <Filter>Assets</Filter>
    </Image>
    <Image Include="Spaceship\ShipLow_Interior_MetallicSmoothness.jpg">
      <Filter>Assets</Filter>
    </Image>
    <Image Include="Spaceship\ShipLow_Interior_Normal.jpg">
      <Filter>Assets</Filter>
    </Image>
    <Image Include="Spaceship\ShipLow_Pod_AlbedoTransparency.jpg">
      <Filter>Assets</Filter>
    </Image>
    <Image Include="Spaceship\ShipLow_Pod_AO.jpg">
      <Filter>Assets</Filter>
    </Image>
    <Image Include="Spaceship\ShipLow_Pod_MetallicSmoothness.jpg">
      <Filter>Assets</Filter>
    </Image>
    <Image Include="Spaceship\ShipLow_Pod_Normal.jpg">
      <Filter>Assets</Filter>
    </Image>
    <Image Include="Spaceship\ShipLow_Splash _ Missle_AlbedoTransparency.jpg">
      <Filter>Assets</Filter>
    </Image>
    <Image Include="Spaceship\ShipLow_Splash _ Missle_AO.jpg">
      <Filter>Assets</Filter>
    </Image>
    <Image Include="Spaceship\ShipLow_Splash _ Missle_Emission.jpg">
      <Filter>Assets</Filter>
    </Image>
    <Image Include="Spaceship\ShipLow_Splash _ Missle_MetallicSmoothness.jpg">
      <Filter>Assets</Filter>
    </Image>
    <Image Include="Spaceship\ShipLow_Splash _ Missle_Normal.jpg">
      <Filter>Assets</Filter>
    </Image>
    <Image Include="Spaceship\ShipLow_Wings_AlbedoTransparency.jpg">
      <Filter>Assets</Filter>
    </Image>
    <Image Include="Spaceship\ShipLow_Wings_Emission.jpg">
      <Filter>Assets</Filter>
    </Image>
    <Image Include="Spaceship\ShipLow_Wings_MetallicSmoothness.jpg">
      <Filter>Assets</Filter>
    </Image>
    <Image Include="Spaceship\ShipLow_Wings_Normal.jpg">
      <Filter>Assets</Filter>
    </Image>
  </ItemGroup>
  <ItemGroup>
    <Manifest Include="settings.manifest">
      <Filter>Assets</Filter>
    </Manifest>
  </ItemGroup>
  <ItemGroup>
    <None Include="packages.config" />
    <None Include="Futuristic-Bike.sdkmesh" />
    <None Include="Bloom.hlsli" />
  </ItemGroup>
  <ItemGroup>
    <MeshContentTask Include="Planet.fbx">
      <Filter>Assets</Filter>
    </MeshContentTask>
  </ItemGroup>
  <ItemGroup>
    <FxCompile Include="GaussianBlur.hlsl" />
    <FxCompile Include="BloomCombine.hlsl" />
    <FxCompile Include="BloomExtract.hlsl" />
  </ItemGroup>
</Project>